// !$*UTF8*$!
{
	archiveVersion = 1;
	classes = {
	};
	objectVersion = 46;
	objects = {

/* Begin PBXBuildFile section */
		B544A7D51C20136000FE07A8 /* AppDelegate.swift in Sources */ = {isa = PBXBuildFile; fileRef = B544A7D41C20136000FE07A8 /* AppDelegate.swift */; };
		B544A7D71C20136000FE07A8 /* ViewController.swift in Sources */ = {isa = PBXBuildFile; fileRef = B544A7D61C20136000FE07A8 /* ViewController.swift */; };
		B544A7DA1C20136000FE07A8 /* Main.storyboard in Resources */ = {isa = PBXBuildFile; fileRef = B544A7D81C20136000FE07A8 /* Main.storyboard */; };
		B544A7DC1C20136000FE07A8 /* Assets.xcassets in Resources */ = {isa = PBXBuildFile; fileRef = B544A7DB1C20136000FE07A8 /* Assets.xcassets */; };
		B544A7DF1C20136000FE07A8 /* LaunchScreen.storyboard in Resources */ = {isa = PBXBuildFile; fileRef = B544A7DD1C20136000FE07A8 /* LaunchScreen.storyboard */; };
		B544A7E71C20151A00FE07A8 /* StudentModel.swift in Sources */ = {isa = PBXBuildFile; fileRef = B544A7E61C20151A00FE07A8 /* StudentModel.swift */; };
		B544A7E91C2015AB00FE07A8 /* TeacherModel.swift in Sources */ = {isa = PBXBuildFile; fileRef = B544A7E81C2015AB00FE07A8 /* TeacherModel.swift */; };
		B544A7EB1C20166600FE07A8 /* ProfileProtocol.swift in Sources */ = {isa = PBXBuildFile; fileRef = B544A7EA1C20166600FE07A8 /* ProfileProtocol.swift */; };
		B544A7ED1C201A3D00FE07A8 /* CardView.swift in Sources */ = {isa = PBXBuildFile; fileRef = B544A7EC1C201A3D00FE07A8 /* CardView.swift */; };
		B57BFCEF1C224AC40035B03A /* StudentModelAdapter.swift in Sources */ = {isa = PBXBuildFile; fileRef = B57BFCEE1C224AC40035B03A /* StudentModelAdapter.swift */; };
		B57BFCF11C224D0D0035B03A /* TeacherModelAdapter.swift in Sources */ = {isa = PBXBuildFile; fileRef = B57BFCF01C224D0D0035B03A /* TeacherModelAdapter.swift */; };
		B57BFCF31C2250950035B03A /* CommanAdapter.swift in Sources */ = {isa = PBXBuildFile; fileRef = B57BFCF21C2250950035B03A /* CommanAdapter.swift */; };
/* End PBXBuildFile section */

/* Begin PBXFileReference section */
		B544A7D11C20136000FE07A8 /* AdapterPattern.app */ = {isa = PBXFileReference; explicitFileType = wrapper.application; includeInIndex = 0; path = AdapterPattern.app; sourceTree = BUILT_PRODUCTS_DIR; };
		B544A7D41C20136000FE07A8 /* AppDelegate.swift */ = {isa = PBXFileReference; lastKnownFileType = sourcecode.swift; path = AppDelegate.swift; sourceTree = "<group>"; };
		B544A7D61C20136000FE07A8 /* ViewController.swift */ = {isa = PBXFileReference; lastKnownFileType = sourcecode.swift; path = ViewController.swift; sourceTree = "<group>"; };
		B544A7D91C20136000FE07A8 /* Base */ = {isa = PBXFileReference; lastKnownFileType = file.storyboard; name = Base; path = Base.lproj/Main.storyboard; sourceTree = "<group>"; };
		B544A7DB1C20136000FE07A8 /* Assets.xcassets */ = {isa = PBXFileReference; lastKnownFileType = folder.assetcatalog; path = Assets.xcassets; sourceTree = "<group>"; };
		B544A7DE1C20136000FE07A8 /* Base */ = {isa = PBXFileReference; lastKnownFileType = file.storyboard; name = Base; path = Base.lproj/LaunchScreen.storyboard; sourceTree = "<group>"; };
		B544A7E01C20136000FE07A8 /* Info.plist */ = {isa = PBXFileReference; lastKnownFileType = text.plist.xml; path = Info.plist; sourceTree = "<group>"; };
		B544A7E61C20151A00FE07A8 /* StudentModel.swift */ = {isa = PBXFileReference; fileEncoding = 4; lastKnownFileType = sourcecode.swift; path = StudentModel.swift; sourceTree = "<group>"; };
		B544A7E81C2015AB00FE07A8 /* TeacherModel.swift */ = {isa = PBXFileReference; fileEncoding = 4; lastKnownFileType = sourcecode.swift; path = TeacherModel.swift; sourceTree = "<group>"; };
		B544A7EA1C20166600FE07A8 /* ProfileProtocol.swift */ = {isa = PBXFileReference; fileEncoding = 4; lastKnownFileType = sourcecode.swift; path = ProfileProtocol.swift; sourceTree = "<group>"; };
		B544A7EC1C201A3D00FE07A8 /* CardView.swift */ = {isa = PBXFileReference; fileEncoding = 4; lastKnownFileType = sourcecode.swift; path = CardView.swift; sourceTree = "<group>"; };
		B57BFCEE1C224AC40035B03A /* StudentModelAdapter.swift */ = {isa = PBXFileReference; fileEncoding = 4; lastKnownFileType = sourcecode.swift; path = StudentModelAdapter.swift; sourceTree = "<group>"; };
		B57BFCF01C224D0D0035B03A /* TeacherModelAdapter.swift */ = {isa = PBXFileReference; fileEncoding = 4; lastKnownFileType = sourcecode.swift; path = TeacherModelAdapter.swift; sourceTree = "<group>"; };
		B57BFCF21C2250950035B03A /* CommanAdapter.swift */ = {isa = PBXFileReference; fileEncoding = 4; lastKnownFileType = sourcecode.swift; path = CommanAdapter.swift; sourceTree = "<group>"; };
/* End PBXFileReference section */

/* Begin PBXFrameworksBuildPhase section */
		B544A7CE1C20136000FE07A8 /* Frameworks */ = {
			isa = PBXFrameworksBuildPhase;
			buildActionMask = 2147483647;
			files = (
			);
			runOnlyForDeploymentPostprocessing = 0;
		};
/* End PBXFrameworksBuildPhase section */

/* Begin PBXGroup section */
		B544A7C81C20136000FE07A8 = {
			isa = PBXGroup;
			children = (
				B544A7D31C20136000FE07A8 /* AdapterPattern */,
				B544A7D21C20136000FE07A8 /* Products */,
			);
			sourceTree = "<group>";
		};
		B544A7D21C20136000FE07A8 /* Products */ = {
			isa = PBXGroup;
			children = (
				B544A7D11C20136000FE07A8 /* AdapterPattern.app */,
			);
			name = Products;
			sourceTree = "<group>";
		};
		B544A7D31C20136000FE07A8 /* AdapterPattern */ = {
			isa = PBXGroup;
			children = (
				B544A7D41C20136000FE07A8 /* AppDelegate.swift */,
				B544A7D61C20136000FE07A8 /* ViewController.swift */,
				B544A7E61C20151A00FE07A8 /* StudentModel.swift */,
				B544A7E81C2015AB00FE07A8 /* TeacherModel.swift */,
				B544A7EC1C201A3D00FE07A8 /* CardView.swift */,
				B544A7EA1C20166600FE07A8 /* ProfileProtocol.swift */,
				B57BFCEE1C224AC40035B03A /* StudentModelAdapter.swift */,
				B57BFCF01C224D0D0035B03A /* TeacherModelAdapter.swift */,
				B57BFCF21C2250950035B03A /* CommanAdapter.swift */,
				B544A7D81C20136000FE07A8 /* Main.storyboard */,
				B544A7DB1C20136000FE07A8 /* Assets.xcassets */,
				B544A7DD1C20136000FE07A8 /* LaunchScreen.storyboard */,
				B544A7E01C20136000FE07A8 /* Info.plist */,
			);
			path = AdapterPattern;
			sourceTree = "<group>";
		};
/* End PBXGroup section */

/* Begin PBXNativeTarget section */
		B544A7D01C20136000FE07A8 /* AdapterPattern */ = {
			isa = PBXNativeTarget;
			buildConfigurationList = B544A7E31C20136000FE07A8 /* Build configuration list for PBXNativeTarget "AdapterPattern" */;
			buildPhases = (
				B544A7CD1C20136000FE07A8 /* Sources */,
				B544A7CE1C20136000FE07A8 /* Frameworks */,
				B544A7CF1C20136000FE07A8 /* Resources */,
			);
			buildRules = (
			);
			dependencies = (
			);
			name = AdapterPattern;
			productName = AdapterPattern;
			productReference = B544A7D11C20136000FE07A8 /* AdapterPattern.app */;
			productType = "com.apple.product-type.application";
		};
/* End PBXNativeTarget section */

/* Begin PBXProject section */
		B544A7C91C20136000FE07A8 /* Project object */ = {
			isa = PBXProject;
			attributes = {
				LastSwiftUpdateCheck = 0720;
				LastUpgradeCheck = 0720;
				ORGANIZATIONNAME = FrankLiu;
				TargetAttributes = {
					B544A7D01C20136000FE07A8 = {
						CreatedOnToolsVersion = 7.2;
					};
				};
			};
			buildConfigurationList = B544A7CC1C20136000FE07A8 /* Build configuration list for PBXProject "AdapterPattern" */;
			compatibilityVersion = "Xcode 3.2";
			developmentRegion = English;
			hasScannedForEncodings = 0;
			knownRegions = (
				en,
				Base,
			);
			mainGroup = B544A7C81C20136000FE07A8;
			productRefGroup = B544A7D21C20136000FE07A8 /* Products */;
			projectDirPath = "";
			projectRoot = "";
			targets = (
				B544A7D01C20136000FE07A8 /* AdapterPattern */,
			);
		};
/* End PBXProject section */

/* Begin PBXResourcesBuildPhase section */
		B544A7CF1C20136000FE07A8 /* Resources */ = {
			isa = PBXResourcesBuildPhase;
			buildActionMask = 2147483647;
			files = (
				B544A7DF1C20136000FE07A8 /* LaunchScreen.storyboard in Resources */,
				B544A7DC1C20136000FE07A8 /* Assets.xcassets in Resources */,
				B544A7DA1C20136000FE07A8 /* Main.storyboard in Resources */,
			);
			runOnlyForDeploymentPostprocessing = 0;
		};
/* End PBXResourcesBuildPhase section */

/* Begin PBXSourcesBuildPhase section */
		B544A7CD1C20136000FE07A8 /* Sources */ = {
			isa = PBXSourcesBuildPhase;
			buildActionMask = 2147483647;
			files = (
				B544A7D71C20136000FE07A8 /* ViewController.swift in Sources */,
				B544A7E71C20151A00FE07A8 /* StudentModel.swift in Sources */,
				B57BFCF11C224D0D0035B03A /* TeacherModelAdapter.swift in Sources */,
				B57BFCF31C2250950035B03A /* CommanAdapter.swift in Sources */,
				B57BFCEF1C224AC40035B03A /* StudentModelAdapter.swift in Sources */,
				B544A7E91C2015AB00FE07A8 /* TeacherModel.swift in Sources */,
				B544A7D51C20136000FE07A8 /* AppDelegate.swift in Sources */,
				B544A7ED1C201A3D00FE07A8 /* CardView.swift in Sources */,
				B544A7EB1C20166600FE07A8 /* ProfileProtocol.swift in Sources */,
			);
			runOnlyForDeploymentPostprocessing = 0;
		};
/* End PBXSourcesBuildPhase section */

/* Begin PBXVariantGroup section */
		B544A7D81C20136000FE07A8 /* Main.storyboard */ = {
			isa = PBXVariantGroup;
			children = (
				B544A7D91C20136000FE07A8 /* Base */,
			);
			name = Main.storyboard;
			sourceTree = "<group>";
		};
		B544A7DD1C20136000FE07A8 /* LaunchScreen.storyboard */ = {
			isa = PBXVariantGroup;
			children = (
				B544A7DE1C20136000FE07A8 /* Base */,
			);
			name = LaunchScreen.storyboard;
			sourceTree = "<group>";
		};
/* End PBXVariantGroup section */

/* Begin XCBuildConfiguration section */
		B544A7E11C20136000FE07A8 /* Debug */ = {
			isa = XCBuildConfiguration;
			buildSettings = {
				ALWAYS_SEARCH_USER_PATHS = NO;
				CLANG_CXX_LANGUAGE_STANDARD = "gnu++0x";
				CLANG_CXX_LIBRARY = "libc++";
				CLANG_ENABLE_MODULES = YES;
				CLANG_ENABLE_OBJC_ARC = YES;
				CLANG_WARN_BOOL_CONVERSION = YES;
				CLANG_WARN_CONSTANT_CONVERSION = YES;
				CLANG_WARN_DIRECT_OBJC_ISA_USAGE = YES_ERROR;
				CLANG_WARN_EMPTY_BODY = YES;
				CLANG_WARN_ENUM_CONVERSION = YES;
				CLANG_WARN_INT_CONVERSION = YES;
				CLANG_WARN_OBJC_ROOT_CLASS = YES_ERROR;
				CLANG_WARN_UNREACHABLE_CODE = YES;
				CLANG_WARN__DUPLICATE_METHOD_MATCH = YES;
				"CODE_SIGN_IDENTITY[sdk=iphoneos*]" = "iPhone Developer";
				COPY_PHASE_STRIP = NO;
				DEBUG_INFORMATION_FORMAT = dwarf;
				ENABLE_STRICT_OBJC_MSGSEND = YES;
				ENABLE_TESTABILITY = YES;
				GCC_C_LANGUAGE_STANDARD = gnu99;
				GCC_DYNAMIC_NO_PIC = NO;
				GCC_NO_COMMON_BLOCKS = YES;
				GCC_OPTIMIZATION_LEVEL = 0;
				GCC_PREPROCESSOR_DEFINITIONS = (
					"DEBUG=1",
					"$(inherited)",
				);
				GCC_WARN_64_TO_32_BIT_CONVERSION = YES;
				GCC_WARN_ABOUT_RETURN_TYPE = YES_ERROR;
				GCC_WARN_UNDECLARED_SELECTOR = YES;
				GCC_WARN_UNINITIALIZED_AUTOS = YES_AGGRESSIVE;
				GCC_WARN_UNUSED_FUNCTION = YES;
				GCC_WARN_UNUSED_VARIABLE = YES;
				IPHONEOS_DEPLOYMENT_TARGET = 9.2;
				MTL_ENABLE_DEBUG_INFO = YES;
				ONLY_ACTIVE_ARCH = YES;
				SDKROOT = iphoneos;
				SWIFT_OPTIMIZATION_LEVEL = "-Onone";
				TARGETED_DEVICE_FAMILY = "1,2";
			};
			name = Debug;
		};
		B544A7E21C20136000FE07A8 /* Release */ = {
			isa = XCBuildConfiguration;
			buildSettings = {
				ALWAYS_SEARCH_USER_PATHS = NO;
				CLANG_CXX_LANGUAGE_STANDARD = "gnu++0x";
				CLANG_CXX_LIBRARY = "libc++";
				CLANG_ENABLE_MODULES = YES;
				CLANG_ENABLE_OBJC_ARC = YES;
				CLANG_WARN_BOOL_CONVERSION = YES;
				CLANG_WARN_CONSTANT_CONVERSION = YES;
				CLANG_WARN_DIRECT_OBJC_ISA_USAGE = YES_ERROR;
				CLANG_WARN_EMPTY_BODY = YES;
				CLANG_WARN_ENUM_CONVERSION = YES;
				CLANG_WARN_INT_CONVERSION = YES;
				CLANG_WARN_OBJC_ROOT_CLASS = YES_ERROR;
				CLANG_WARN_UNREACHABLE_CODE = YES;
				CLANG_WARN__DUPLICATE_METHOD_MATCH = YES;
				"CODE_SIGN_IDENTITY[sdk=iphoneos*]" = "iPhone Developer";
				COPY_PHASE_STRIP = NO;
				DEBUG_INFORMATION_FORMAT = "dwarf-with-dsym";
				ENABLE_NS_ASSERTIONS = NO;
				ENABLE_STRICT_OBJC_MSGSEND = YES;
				GCC_C_LANGUAGE_STANDARD = gnu99;
				GCC_NO_COMMON_BLOCKS = YES;
				GCC_WARN_64_TO_32_BIT_CONVERSION = YES;
				GCC_WARN_ABOUT_RETURN_TYPE = YES_ERROR;
				GCC_WARN_UNDECLARED_SELECTOR = YES;
				GCC_WARN_UNINITIALIZED_AUTOS = YES_AGGRESSIVE;
				GCC_WARN_UNUSED_FUNCTION = YES;
				GCC_WARN_UNUSED_VARIABLE = YES;
				IPHONEOS_DEPLOYMENT_TARGET = 9.2;
				MTL_ENABLE_DEBUG_INFO = NO;
				SDKROOT = iphoneos;
				TARGETED_DEVICE_FAMILY = "1,2";
				VALIDATE_PRODUCT = YES;
			};
			name = Release;
		};
		B544A7E41C20136000FE07A8 /* Debug */ = {
			isa = XCBuildConfiguration;
			buildSettings = {
				ASSETCATALOG_COMPILER_APPICON_NAME = AppIcon;
				INFOPLIST_FILE = AdapterPattern/Info.plist;
				LD_RUNPATH_SEARCH_PATHS = "$(inherited) @executable_path/Frameworks";
				PRODUCT_BUNDLE_IDENTIFIER = FrankLiu.AdapterPattern;
				PRODUCT_NAME = "$(TARGET_NAME)";
			};
			name = Debug;
		};
		B544A7E51C20136000FE07A8 /* Release */ = {
			isa = XCBuildConfiguration;
			buildSettings = {
				ASSETCATALOG_COMPILER_APPICON_NAME = AppIcon;
				INFOPLIST_FILE = AdapterPattern/Info.plist;
				LD_RUNPATH_SEARCH_PATHS = "$(inherited) @executable_path/Frameworks";
				PRODUCT_BUNDLE_IDENTIFIER = FrankLiu.AdapterPattern;
				PRODUCT_NAME = "$(TARGET_NAME)";
			};
			name = Release;
		};
/* End XCBuildConfiguration section */

/* Begin XCConfigurationList section */
		B544A7CC1C20136000FE07A8 /* Build configuration list for PBXProject "AdapterPattern" */ = {
			isa = XCConfigurationList;
			buildConfigurations = (
				B544A7E11C20136000FE07A8 /* Debug */,
				B544A7E21C20136000FE07A8 /* Release */,
			);
			defaultConfigurationIsVisible = 0;
			defaultConfigurationName = Release;
		};
		B544A7E31C20136000FE07A8 /* Build configuration list for PBXNativeTarget "AdapterPattern" */ = {
			isa = XCConfigurationList;
			buildConfigurations = (
				B544A7E41C20136000FE07A8 /* Debug */,
				B544A7E51C20136000FE07A8 /* Release */,
			);
			defaultConfigurationIsVisible = 0;
			defaultConfigurationName = Release;
		};
/* End XCConfigurationList section */
	};
	rootObject = B544A7C91C20136000FE07A8 /* Project object */;
}
